bitbucket.org/ckvist/twilio v0.0.0-20170512072134-13c593a1721b h1:EgVTZyg+IROzDLG86gbfoLk4k6nwypmTHmjXDgYMzD4=
bitbucket.org/ckvist/twilio v0.0.0-20170512072134-13c593a1721b/go.mod h1:tZckALWIGoGfdoe/aKzxBL5qViz4qXogqZx1UViXWME=
github.com/JamesStewy/go-mysqldump v0.2.2 h1:tMtZDnIi2hz6H3Nna0TPhvWfBZlXe4i7vkjc5Vd8Gdo=
github.com/JamesStewy/go-mysqldump v0.2.2/go.mod h1:JuJhv4dTbe2OQpABlwqj0B+6E9VLjGLG1t4NJRTcB3w=
github.com/go-sql-driver/mysql v1.6.0 h1:BCTh4TKNUYmOmMUcQ3IipzF5prigylS7XXjEkfCHuOE=
github.com/go-sql-driver/mysql v1.6.0/go.mod h1:DCzpHaOWr8IXmIStZouvnhqoel9Qv2LBy8hT2VhHyBg=
github.com/stripe/stripe-go v70.15.0+incompatible h1:hNML7M1zx8RgtepEMlxyu/FpVPrP7KZm1gPFQquJQvM=
github.com/stripe/stripe-go v70.15.0+incompatible/go.mod h1:A1dQZmO/QypXmsL0T8axYZkSN/uA/T/A64pfKdBAMiY=
